// !$*UTF8*$!
{
	archiveVersion = 1;
	classes = {
	};
	objectVersion = 56;
	objects = {

/* Begin PBXBuildFile section */
		FA93DB76292CC241007C71FD /* AppDelegate.swift in Sources */ = {isa = PBXBuildFile; fileRef = FA93DB75292CC241007C71FD /* AppDelegate.swift */; };
		FA93DB78292CC241007C71FD /* SceneDelegate.swift in Sources */ = {isa = PBXBuildFile; fileRef = FA93DB77292CC241007C71FD /* SceneDelegate.swift */; };
		FA93DB7D292CC241007C71FD /* Main.storyboard in Resources */ = {isa = PBXBuildFile; fileRef = FA93DB7B292CC241007C71FD /* Main.storyboard */; };
		FA93DB7F292CC242007C71FD /* Assets.xcassets in Resources */ = {isa = PBXBuildFile; fileRef = FA93DB7E292CC242007C71FD /* Assets.xcassets */; };
		FA93DB82292CC242007C71FD /* LaunchScreen.storyboard in Resources */ = {isa = PBXBuildFile; fileRef = FA93DB80292CC242007C71FD /* LaunchScreen.storyboard */; };
		FA959C0A292CCAF90045DA1F /* PersonsListViewController.swift in Sources */ = {isa = PBXBuildFile; fileRef = FA959C09292CCAF90045DA1F /* PersonsListViewController.swift */; };
		FA959C0C292CCCC10045DA1F /* Contacts.swift in Sources */ = {isa = PBXBuildFile; fileRef = FA959C0B292CCCC10045DA1F /* Contacts.swift */; };
		FA959C0F292CCE050045DA1F /* DataStore.swift in Sources */ = {isa = PBXBuildFile; fileRef = FA959C0E292CCE050045DA1F /* DataStore.swift */; };
		FA959C12292CDF810045DA1F /* SingleContactViewController.swift in Sources */ = {isa = PBXBuildFile; fileRef = FA959C11292CDF810045DA1F /* SingleContactViewController.swift */; };
/* End PBXBuildFile section */

/* Begin PBXFileReference section */
		FA93DB72292CC241007C71FD /* ListOfPeopleApp.app */ = {isa = PBXFileReference; explicitFileType = wrapper.application; includeInIndex = 0; path = ListOfPeopleApp.app; sourceTree = BUILT_PRODUCTS_DIR; };
		FA93DB75292CC241007C71FD /* AppDelegate.swift */ = {isa = PBXFileReference; lastKnownFileType = sourcecode.swift; path = AppDelegate.swift; sourceTree = "<group>"; };
		FA93DB77292CC241007C71FD /* SceneDelegate.swift */ = {isa = PBXFileReference; lastKnownFileType = sourcecode.swift; path = SceneDelegate.swift; sourceTree = "<group>"; };
		FA93DB7C292CC241007C71FD /* Base */ = {isa = PBXFileReference; lastKnownFileType = file.storyboard; name = Base; path = Base.lproj/Main.storyboard; sourceTree = "<group>"; };
		FA93DB7E292CC242007C71FD /* Assets.xcassets */ = {isa = PBXFileReference; lastKnownFileType = folder.assetcatalog; path = Assets.xcassets; sourceTree = "<group>"; };
		FA93DB81292CC242007C71FD /* Base */ = {isa = PBXFileReference; lastKnownFileType = file.storyboard; name = Base; path = Base.lproj/LaunchScreen.storyboard; sourceTree = "<group>"; };
		FA93DB83292CC242007C71FD /* Info.plist */ = {isa = PBXFileReference; lastKnownFileType = text.plist.xml; path = Info.plist; sourceTree = "<group>"; };
		FA959C09292CCAF90045DA1F /* PersonsListViewController.swift */ = {isa = PBXFileReference; lastKnownFileType = sourcecode.swift; path = PersonsListViewController.swift; sourceTree = "<group>"; };
		FA959C0B292CCCC10045DA1F /* Contacts.swift */ = {isa = PBXFileReference; lastKnownFileType = sourcecode.swift; path = Contacts.swift; sourceTree = "<group>"; };
		FA959C0E292CCE050045DA1F /* DataStore.swift */ = {isa = PBXFileReference; lastKnownFileType = sourcecode.swift; path = DataStore.swift; sourceTree = "<group>"; };
		FA959C11292CDF810045DA1F /* SingleContactViewController.swift */ = {isa = PBXFileReference; lastKnownFileType = sourcecode.swift; path = SingleContactViewController.swift; sourceTree = "<group>"; };
/* End PBXFileReference section */

/* Begin PBXFrameworksBuildPhase section */
		FA93DB6F292CC241007C71FD /* Frameworks */ = {
			isa = PBXFrameworksBuildPhase;
			buildActionMask = 2147483647;
			files = (
			);
			runOnlyForDeploymentPostprocessing = 0;
		};
/* End PBXFrameworksBuildPhase section */

/* Begin PBXGroup section */
		FA93DB69292CC241007C71FD = {
			isa = PBXGroup;
			children = (
				FA93DB74292CC241007C71FD /* ListOfPeopleApp */,
				FA93DB73292CC241007C71FD /* Products */,
			);
			sourceTree = "<group>";
		};
		FA93DB73292CC241007C71FD /* Products */ = {
			isa = PBXGroup;
			children = (
				FA93DB72292CC241007C71FD /* ListOfPeopleApp.app */,
			);
			name = Products;
			sourceTree = "<group>";
		};
		FA93DB74292CC241007C71FD /* ListOfPeopleApp */ = {
			isa = PBXGroup;
			children = (
				FA959C10292CCE0A0045DA1F /* Services */,
				FA959C0D292CCCCB0045DA1F /* Models */,
				FA959C05292CC7C40045DA1F /* App */,
				FA959C08292CC7E60045DA1F /* ViewControllers */,
				FA959C06292CC7CD0045DA1F /* Storyboards */,
				FA959C07292CC7D60045DA1F /* Resources */,
				FA93DB83292CC242007C71FD /* Info.plist */,
			);
			path = ListOfPeopleApp;
			sourceTree = "<group>";
		};
		FA959C05292CC7C40045DA1F /* App */ = {
			isa = PBXGroup;
			children = (
				FA93DB75292CC241007C71FD /* AppDelegate.swift */,
				FA93DB77292CC241007C71FD /* SceneDelegate.swift */,
			);
			path = App;
			sourceTree = "<group>";
		};
		FA959C06292CC7CD0045DA1F /* Storyboards */ = {
			isa = PBXGroup;
			children = (
				FA93DB7B292CC241007C71FD /* Main.storyboard */,
				FA93DB80292CC242007C71FD /* LaunchScreen.storyboard */,
			);
			path = Storyboards;
			sourceTree = "<group>";
		};
		FA959C07292CC7D60045DA1F /* Resources */ = {
			isa = PBXGroup;
			children = (
				FA93DB7E292CC242007C71FD /* Assets.xcassets */,
			);
			path = Resources;
			sourceTree = "<group>";
		};
		FA959C08292CC7E60045DA1F /* ViewControllers */ = {
			isa = PBXGroup;
			children = (
				FA959C09292CCAF90045DA1F /* PersonsListViewController.swift */,
				FA959C11292CDF810045DA1F /* SingleContactViewController.swift */,
			);
			path = ViewControllers;
			sourceTree = "<group>";
		};
		FA959C0D292CCCCB0045DA1F /* Models */ = {
			isa = PBXGroup;
			children = (
				FA959C0B292CCCC10045DA1F /* Contacts.swift */,
			);
			path = Models;
			sourceTree = "<group>";
		};
		FA959C10292CCE0A0045DA1F /* Services */ = {
			isa = PBXGroup;
			children = (
				FA959C0E292CCE050045DA1F /* DataStore.swift */,
			);
			path = Services;
			sourceTree = "<group>";
		};
/* End PBXGroup section */

/* Begin PBXNativeTarget section */
		FA93DB71292CC241007C71FD /* ListOfPeopleApp */ = {
			isa = PBXNativeTarget;
			buildConfigurationList = FA93DB86292CC242007C71FD /* Build configuration list for PBXNativeTarget "ListOfPeopleApp" */;
			buildPhases = (
				FA93DB6E292CC241007C71FD /* Sources */,
				FA93DB6F292CC241007C71FD /* Frameworks */,
				FA93DB70292CC241007C71FD /* Resources */,
			);
			buildRules = (
			);
			dependencies = (
			);
			name = ListOfPeopleApp;
			productName = ListOfPeopleApp;
			productReference = FA93DB72292CC241007C71FD /* ListOfPeopleApp.app */;
			productType = "com.apple.product-type.application";
		};
/* End PBXNativeTarget section */

/* Begin PBXProject section */
		FA93DB6A292CC241007C71FD /* Project object */ = {
			isa = PBXProject;
			attributes = {
				BuildIndependentTargetsInParallel = 1;
				LastSwiftUpdateCheck = 1410;
				LastUpgradeCheck = 1410;
				TargetAttributes = {
					FA93DB71292CC241007C71FD = {
						CreatedOnToolsVersion = 14.1;
					};
				};
			};
			buildConfigurationList = FA93DB6D292CC241007C71FD /* Build configuration list for PBXProject "ListOfPeopleApp" */;
			compatibilityVersion = "Xcode 14.0";
			developmentRegion = en;
			hasScannedForEncodings = 0;
			knownRegions = (
				en,
				Base,
			);
			mainGroup = FA93DB69292CC241007C71FD;
			productRefGroup = FA93DB73292CC241007C71FD /* Products */;
			projectDirPath = "";
			projectRoot = "";
			targets = (
				FA93DB71292CC241007C71FD /* ListOfPeopleApp */,
			);
		};
/* End PBXProject section */

/* Begin PBXResourcesBuildPhase section */
		FA93DB70292CC241007C71FD /* Resources */ = {
			isa = PBXResourcesBuildPhase;
			buildActionMask = 2147483647;
			files = (
				FA93DB82292CC242007C71FD /* LaunchScreen.storyboard in Resources */,
				FA93DB7F292CC242007C71FD /* Assets.xcassets in Resources */,
				FA93DB7D292CC241007C71FD /* Main.storyboard in Resources */,
			);
			runOnlyForDeploymentPostprocessing = 0;
		};
/* End PBXResourcesBuildPhase section */

/* Begin PBXSourcesBuildPhase section */
		FA93DB6E292CC241007C71FD /* Sources */ = {
			isa = PBXSourcesBuildPhase;
			buildActionMask = 2147483647;
			files = (
				FA959C0C292CCCC10045DA1F /* Contacts.swift in Sources */,
				FA959C12292CDF810045DA1F /* SingleContactViewController.swift in Sources */,
				FA93DB76292CC241007C71FD /* AppDelegate.swift in Sources */,
				FA959C0A292CCAF90045DA1F /* PersonsListViewController.swift in Sources */,
				FA959C0F292CCE050045DA1F /* DataStore.swift in Sources */,
				FA93DB78292CC241007C71FD /* SceneDelegate.swift in Sources */,
			);
			runOnlyForDeploymentPostprocessing = 0;
		};
/* End PBXSourcesBuildPhase section */

/* Begin PBXVariantGroup section */
		FA93DB7B292CC241007C71FD /* Main.storyboard */ = {
			isa = PBXVariantGroup;
			children = (
				FA93DB7C292CC241007C71FD /* Base */,
			);
			name = Main.storyboard;
			sourceTree = "<group>";
		};
		FA93DB80292CC242007C71FD /* LaunchScreen.storyboard */ = {
			isa = PBXVariantGroup;
			children = (
				FA93DB81292CC242007C71FD /* Base */,
			);
			name = LaunchScreen.storyboard;
			sourceTree = "<group>";
		};
/* End PBXVariantGroup section */

/* Begin XCBuildConfiguration section */
		FA93DB84292CC242007C71FD /* Debug */ = {
			isa = XCBuildConfiguration;
			buildSettings = {
				ALWAYS_SEARCH_USER_PATHS = NO;
				CLANG_ANALYZER_NONNULL = YES;
				CLANG_ANALYZER_NUMBER_OBJECT_CONVERSION = YES_AGGRESSIVE;
				CLANG_CXX_LANGUAGE_STANDARD = "gnu++20";
				CLANG_ENABLE_MODULES = YES;
				CLANG_ENABLE_OBJC_ARC = YES;
				CLANG_ENABLE_OBJC_WEAK = YES;
				CLANG_WARN_BLOCK_CAPTURE_AUTORELEASING = YES;
				CLANG_WARN_BOOL_CONVERSION = YES;
				CLANG_WARN_COMMA = YES;
				CLANG_WARN_CONSTANT_CONVERSION = YES;
				CLANG_WARN_DEPRECATED_OBJC_IMPLEMENTATIONS = YES;
				CLANG_WARN_DIRECT_OBJC_ISA_USAGE = YES_ERROR;
				CLANG_WARN_DOCUMENTATION_COMMENTS = YES;
				CLANG_WARN_EMPTY_BODY = YES;
				CLANG_WARN_ENUM_CONVERSION = YES;
				CLANG_WARN_INFINITE_RECURSION = YES;
				CLANG_WARN_INT_CONVERSION = YES;
				CLANG_WARN_NON_LITERAL_NULL_CONVERSION = YES;
				CLANG_WARN_OBJC_IMPLICIT_RETAIN_SELF = YES;
				CLANG_WARN_OBJC_LITERAL_CONVERSION = YES;
				CLANG_WARN_OBJC_ROOT_CLASS = YES_ERROR;
				CLANG_WARN_QUOTED_INCLUDE_IN_FRAMEWORK_HEADER = YES;
				CLANG_WARN_RANGE_LOOP_ANALYSIS = YES;
				CLANG_WARN_STRICT_PROTOTYPES = YES;
				CLANG_WARN_SUSPICIOUS_MOVE = YES;
				CLANG_WARN_UNGUARDED_AVAILABILITY = YES_AGGRESSIVE;
				CLANG_WARN_UNREACHABLE_CODE = YES;
				CLANG_WARN__DUPLICATE_METHOD_MATCH = YES;
				COPY_PHASE_STRIP = NO;
				DEBUG_INFORMATION_FORMAT = dwarf;
				ENABLE_STRICT_OBJC_MSGSEND = YES;
				ENABLE_TESTABILITY = YES;
				GCC_C_LANGUAGE_STANDARD = gnu11;
				GCC_DYNAMIC_NO_PIC = NO;
				GCC_NO_COMMON_BLOCKS = YES;
				GCC_OPTIMIZATION_LEVEL = 0;
				GCC_PREPROCESSOR_DEFINITIONS = (
					"DEBUG=1",
					"$(inherited)",
				);
				GCC_WARN_64_TO_32_BIT_CONVERSION = YES;
				GCC_WARN_ABOUT_RETURN_TYPE = YES_ERROR;
				GCC_WARN_UNDECLARED_SELECTOR = YES;
				GCC_WARN_UNINITIALIZED_AUTOS = YES_AGGRESSIVE;
				GCC_WARN_UNUSED_FUNCTION = YES;
				GCC_WARN_UNUSED_VARIABLE = YES;
				IPHONEOS_DEPLOYMENT_TARGET = 16.1;
				MTL_ENABLE_DEBUG_INFO = INCLUDE_SOURCE;
				MTL_FAST_MATH = YES;
				ONLY_ACTIVE_ARCH = YES;
				SDKROOT = iphoneos;
				SWIFT_ACTIVE_COMPILATION_CONDITIONS = DEBUG;
				SWIFT_OPTIMIZATION_LEVEL = "-Onone";
			};
			name = Debug;
		};
		FA93DB85292CC242007C71FD /* Release */ = {
			isa = XCBuildConfiguration;
			buildSettings = {
				ALWAYS_SEARCH_USER_PATHS = NO;
				CLANG_ANALYZER_NONNULL = YES;
				CLANG_ANALYZER_NUMBER_OBJECT_CONVERSION = YES_AGGRESSIVE;
				CLANG_CXX_LANGUAGE_STANDARD = "gnu++20";
				CLANG_ENABLE_MODULES = YES;
				CLANG_ENABLE_OBJC_ARC = YES;
				CLANG_ENABLE_OBJC_WEAK = YES;
				CLANG_WARN_BLOCK_CAPTURE_AUTORELEASING = YES;
				CLANG_WARN_BOOL_CONVERSION = YES;
				CLANG_WARN_COMMA = YES;
				CLANG_WARN_CONSTANT_CONVERSION = YES;
				CLANG_WARN_DEPRECATED_OBJC_IMPLEMENTATIONS = YES;
				CLANG_WARN_DIRECT_OBJC_ISA_USAGE = YES_ERROR;
				CLANG_WARN_DOCUMENTATION_COMMENTS = YES;
				CLANG_WARN_EMPTY_BODY = YES;
				CLANG_WARN_ENUM_CONVERSION = YES;
				CLANG_WARN_INFINITE_RECURSION = YES;
				CLANG_WARN_INT_CONVERSION = YES;
				CLANG_WARN_NON_LITERAL_NULL_CONVERSION = YES;
				CLANG_WARN_OBJC_IMPLICIT_RETAIN_SELF = YES;
				CLANG_WARN_OBJC_LITERAL_CONVERSION = YES;
				CLANG_WARN_OBJC_ROOT_CLASS = YES_ERROR;
				CLANG_WARN_QUOTED_INCLUDE_IN_FRAMEWORK_HEADER = YES;
				CLANG_WARN_RANGE_LOOP_ANALYSIS = YES;
				CLANG_WARN_STRICT_PROTOTYPES = YES;
				CLANG_WARN_SUSPICIOUS_MOVE = YES;
				CLANG_WARN_UNGUARDED_AVAILABILITY = YES_AGGRESSIVE;
				CLANG_WARN_UNREACHABLE_CODE = YES;
				CLANG_WARN__DUPLICATE_METHOD_MATCH = YES;
				COPY_PHASE_STRIP = NO;
				DEBUG_INFORMATION_FORMAT = "dwarf-with-dsym";
				ENABLE_NS_ASSERTIONS = NO;
				ENABLE_STRICT_OBJC_MSGSEND = YES;
				GCC_C_LANGUAGE_STANDARD = gnu11;
				GCC_NO_COMMON_BLOCKS = YES;
				GCC_WARN_64_TO_32_BIT_CONVERSION = YES;
				GCC_WARN_ABOUT_RETURN_TYPE = YES_ERROR;
				GCC_WARN_UNDECLARED_SELECTOR = YES;
				GCC_WARN_UNINITIALIZED_AUTOS = YES_AGGRESSIVE;
				GCC_WARN_UNUSED_FUNCTION = YES;
				GCC_WARN_UNUSED_VARIABLE = YES;
				IPHONEOS_DEPLOYMENT_TARGET = 16.1;
				MTL_ENABLE_DEBUG_INFO = NO;
				MTL_FAST_MATH = YES;
				SDKROOT = iphoneos;
				SWIFT_COMPILATION_MODE = wholemodule;
				SWIFT_OPTIMIZATION_LEVEL = "-O";
				VALIDATE_PRODUCT = YES;
			};
			name = Release;
		};
		FA93DB87292CC242007C71FD /* Debug */ = {
			isa = XCBuildConfiguration;
			buildSettings = {
				ASSETCATALOG_COMPILER_APPICON_NAME = AppIcon;
				ASSETCATALOG_COMPILER_GLOBAL_ACCENT_COLOR_NAME = AccentColor;
				CODE_SIGN_STYLE = Automatic;
				CURRENT_PROJECT_VERSION = 1;
				GENERATE_INFOPLIST_FILE = YES;
				INFOPLIST_FILE = ListOfPeopleApp/Info.plist;
				INFOPLIST_KEY_UIApplicationSupportsIndirectInputEvents = YES;
				INFOPLIST_KEY_UILaunchStoryboardName = LaunchScreen;
				INFOPLIST_KEY_UIMainStoryboardFile = Main;
				INFOPLIST_KEY_UISupportedInterfaceOrientations_iPad = "UIInterfaceOrientationPortrait UIInterfaceOrientationPortraitUpsideDown UIInterfaceOrientationLandscapeLeft UIInterfaceOrientationLandscapeRight";
				INFOPLIST_KEY_UISupportedInterfaceOrientations_iPhone = "UIInterfaceOrientationPortrait UIInterfaceOrientationLandscapeLeft UIInterfaceOrientationLandscapeRight";
				LD_RUNPATH_SEARCH_PATHS = (
					"$(inherited)",
					"@executable_path/Frameworks",
				);
				MARKETING_VERSION = 1.0;
				PRODUCT_BUNDLE_IDENTIFIER = "Alina-Klimova.ListOfPeopleApp";
				PRODUCT_NAME = "$(TARGET_NAME)";
				SUPPORTED_PLATFORMS = "iphoneos iphonesimulator";
				SUPPORTS_MACCATALYST = NO;
				SUPPORTS_MAC_DESIGNED_FOR_IPHONE_IPAD = NO;
				SWIFT_EMIT_LOC_STRINGS = YES;
				SWIFT_VERSION = 5.0;
				TARGETED_DEVICE_FAMILY = 1;
			};
			name = Debug;
		};
		FA93DB88292CC242007C71FD /* Release */ = {
			isa = XCBuildConfiguration;
			buildSettings = {
				ASSETCATALOG_COMPILER_APPICON_NAME = AppIcon;
				ASSETCATALOG_COMPILER_GLOBAL_ACCENT_COLOR_NAME = AccentColor;
				CODE_SIGN_STYLE = Automatic;
				CURRENT_PROJECT_VERSION = 1;
				GENERATE_INFOPLIST_FILE = YES;
				INFOPLIST_FILE = ListOfPeopleApp/Info.plist;
				INFOPLIST_KEY_UIApplicationSupportsIndirectInputEvents = YES;
				INFOPLIST_KEY_UILaunchStoryboardName = LaunchScreen;
				INFOPLIST_KEY_UIMainStoryboardFile = Main;
				INFOPLIST_KEY_UISupportedInterfaceOrientations_iPad = "UIInterfaceOrientationPortrait UIInterfaceOrientationPortraitUpsideDown UIInterfaceOrientationLandscapeLeft UIInterfaceOrientationLandscapeRight";
				INFOPLIST_KEY_UISupportedInterfaceOrientations_iPhone = "UIInterfaceOrientationPortrait UIInterfaceOrientationLandscapeLeft UIInterfaceOrientationLandscapeRight";
				LD_RUNPATH_SEARCH_PATHS = (
					"$(inherited)",
					"@executable_path/Frameworks",
				);
				MARKETING_VERSION = 1.0;
				PRODUCT_BUNDLE_IDENTIFIER = "Alina-Klimova.ListOfPeopleApp";
				PRODUCT_NAME = "$(TARGET_NAME)";
				SUPPORTED_PLATFORMS = "iphoneos iphonesimulator";
				SUPPORTS_MACCATALYST = NO;
				SUPPORTS_MAC_DESIGNED_FOR_IPHONE_IPAD = NO;
				SWIFT_EMIT_LOC_STRINGS = YES;
				SWIFT_VERSION = 5.0;
				TARGETED_DEVICE_FAMILY = 1;
			};
			name = Release;
		};
/* End XCBuildConfiguration section */

/* Begin XCConfigurationList section */
		FA93DB6D292CC241007C71FD /* Build configuration list for PBXProject "ListOfPeopleApp" */ = {
			isa = XCConfigurationList;
			buildConfigurations = (
				FA93DB84292CC242007C71FD /* Debug */,
				FA93DB85292CC242007C71FD /* Release */,
			);
			defaultConfigurationIsVisible = 0;
			defaultConfigurationName = Release;
		};
		FA93DB86292CC242007C71FD /* Build configuration list for PBXNativeTarget "ListOfPeopleApp" */ = {
			isa = XCConfigurationList;
			buildConfigurations = (
				FA93DB87292CC242007C71FD /* Debug */,
				FA93DB88292CC242007C71FD /* Release */,
			);
			defaultConfigurationIsVisible = 0;
			defaultConfigurationName = Release;
		};
/* End XCConfigurationList section */
	};
	rootObject = FA93DB6A292CC241007C71FD /* Project object */;
}
